
Microsoft Visual Studio Solution File, Format Version 10.00
# Visual Studio 2008
Project("{8BC9CEB8-8B4A-11D0-8D11-00A0C91BC942}") = "freepy", "freepy.vcproj", "{EE14BB8F-9A6E-44F0-8C8C-4BE172DBE46F}"
EndProject
Global
	GlobalSection(SolutionConfigurationPlatforms) = preSolution
		Debug|Win32 = Debug|Win32
		Release|Win32 = Release|Win32
	EndGlobalSection
	GlobalSection(ProjectConfigurationPlatforms) = postSolution
		{EE14BB8F-9A6E-44F0-8C8C-4BE172DBE46F}.Debug|Win32.ActiveCfg = Debug|Win32
		{EE14BB8F-9A6E-44F0-8C8C-4BE172DBE46F}.Debug|Win32.Build.0 = Debug|Win32
		{EE14BB8F-9A6E-44F0-8C8C-4BE172DBE46F}.Release|Win32.ActiveCfg = Release|Win32
		{EE14BB8F-9A6E-44F0-8C8C-4BE172DBE46F}.Release|Win32.Build.0 = Release|Win32
	EndGlobalSection
	GlobalSection(SolutionProperties) = preSolution
		HideSolutionNode = FALSE
	EndGlobalSection
EndGlobal
